// !$*UTF8*$!
{
	archiveVersion = 1;
	classes = {
	};
	objectVersion = 56;
	objects = {

/* Begin PBXGroup section */
		AABBCCDD00112233EEFF2001 = {
			isa = PBXGroup;
			children = (
				AABBCCDD00112233EEFF3001 /* AppDelegate.swift */,
				AABBCCDD00112233EEFF3001 /* AppDelegate.swift */,
				AABBCCDD00112233EEFF3002 /* Main.swift */,
				AABBCCDD00112233EEFF3003 /* zebra.swift */,
				AABBCCDD00112233EEFF3002 /* Main.swift */,
			);
			sourceTree = "<group>";
		};
/* End PBXGroup section */

/* Begin PBXSourcesBuildPhase section */
		AABBCCDD00112233EEFF7001 = {
			isa = PBXSourcesBuildPhase;
			buildActionMask = 2147483647;
			files = (
				AABBCCDD00112233EEFF0002 /* AppDelegate.swift in Sources */,
				AABBCCDD00112233EEFF0001 /* Main.swift in Sources */,
				AABBCCDD00112233EEFF0002 /* AppDelegate.swift in Sources */,
			);
			runOnlyForDeploymentPostprocessing = 0;
		};
/* End PBXSourcesBuildPhase section */

	};
	rootObject = AABBCCDD00112233EEFFAAAA;
}
